// !$*UTF8*$!
{
	archiveVersion = 1;
	classes = {
	};
	objectVersion = 56;
	objects = {

/* Begin PBXBuildFile section */
		7644975D2AF98344005B825E /* AppDelegate.swift in Sources */ = {isa = PBXBuildFile; fileRef = 7644975C2AF98344005B825E /* AppDelegate.swift */; };
		7644975F2AF98344005B825E /* SceneDelegate.swift in Sources */ = {isa = PBXBuildFile; fileRef = 7644975E2AF98344005B825E /* SceneDelegate.swift */; };
		764497612AF98344005B825E /* HomeViewController.swift in Sources */ = {isa = PBXBuildFile; fileRef = 764497602AF98344005B825E /* HomeViewController.swift */; };
		764497642AF98344005B825E /* Main.storyboard in Resources */ = {isa = PBXBuildFile; fileRef = 764497622AF98344005B825E /* Main.storyboard */; };
		764497662AF98347005B825E /* Assets.xcassets in Resources */ = {isa = PBXBuildFile; fileRef = 764497652AF98347005B825E /* Assets.xcassets */; };
		764497692AF98347005B825E /* LaunchScreen.storyboard in Resources */ = {isa = PBXBuildFile; fileRef = 764497672AF98347005B825E /* LaunchScreen.storyboard */; };
		766676DB2AF9B1BA00E00B17 /* Meal.swift in Sources */ = {isa = PBXBuildFile; fileRef = 766676DA2AF9B1BA00E00B17 /* Meal.swift */; };
		766676DD2AF9BECF00E00B17 /* NetworkService.swift in Sources */ = {isa = PBXBuildFile; fileRef = 766676DC2AF9BECF00E00B17 /* NetworkService.swift */; };
		766676E12AF9C39E00E00B17 /* MealListResponse.swift in Sources */ = {isa = PBXBuildFile; fileRef = 766676E02AF9C39E00E00B17 /* MealListResponse.swift */; };
		766676E32AFAC7AF00E00B17 /* DetailViewController.swift in Sources */ = {isa = PBXBuildFile; fileRef = 766676E22AFAC7AF00E00B17 /* DetailViewController.swift */; };
		766676E82AFAC91300E00B17 /* MealListTableViewCell.swift in Sources */ = {isa = PBXBuildFile; fileRef = 766676E62AFAC91300E00B17 /* MealListTableViewCell.swift */; };
		766676E92AFAC91300E00B17 /* MealListTableViewCell.xib in Resources */ = {isa = PBXBuildFile; fileRef = 766676E72AFAC91300E00B17 /* MealListTableViewCell.xib */; };
		766676EC2AFACF8500E00B17 /* Kingfisher in Frameworks */ = {isa = PBXBuildFile; productRef = 766676EB2AFACF8500E00B17 /* Kingfisher */; };
		76CA78C92AFD581F00B5E89B /* MealDetailHeaderTableViewCell.swift in Sources */ = {isa = PBXBuildFile; fileRef = 76CA78C72AFD581F00B5E89B /* MealDetailHeaderTableViewCell.swift */; };
		76CA78CA2AFD581F00B5E89B /* MealDetailHeaderTableViewCell.xib in Resources */ = {isa = PBXBuildFile; fileRef = 76CA78C82AFD581F00B5E89B /* MealDetailHeaderTableViewCell.xib */; };
		76CA78CC2AFD5E6200B5E89B /* UITableView+.swift in Sources */ = {isa = PBXBuildFile; fileRef = 76CA78CB2AFD5E6200B5E89B /* UITableView+.swift */; };
		76CA78D12AFD66CB00B5E89B /* MealInstructionsTableViewCell.swift in Sources */ = {isa = PBXBuildFile; fileRef = 76CA78CF2AFD66CB00B5E89B /* MealInstructionsTableViewCell.swift */; };
		76CA78D22AFD66CB00B5E89B /* MealInstructionsTableViewCell.xib in Resources */ = {isa = PBXBuildFile; fileRef = 76CA78D02AFD66CB00B5E89B /* MealInstructionsTableViewCell.xib */; };
		76CA78D52AFD779700B5E89B /* MeasurementsTableViewCell.swift in Sources */ = {isa = PBXBuildFile; fileRef = 76CA78D32AFD779700B5E89B /* MeasurementsTableViewCell.swift */; };
		76CA78D62AFD779700B5E89B /* MeasurementsTableViewCell.xib in Resources */ = {isa = PBXBuildFile; fileRef = 76CA78D42AFD779700B5E89B /* MeasurementsTableViewCell.xib */; };
		76CA78DA2AFEA67500B5E89B /* HomeViewModel.swift in Sources */ = {isa = PBXBuildFile; fileRef = 76CA78D92AFEA67500B5E89B /* HomeViewModel.swift */; };
		76CA78F12AFEC24F00B5E89B /* HomeViewModelTests.swift in Sources */ = {isa = PBXBuildFile; fileRef = 76CA78F02AFEC24F00B5E89B /* HomeViewModelTests.swift */; };
		76CA78F22AFEC2DA00B5E89B /* NetworkService.swift in Sources */ = {isa = PBXBuildFile; fileRef = 766676DC2AF9BECF00E00B17 /* NetworkService.swift */; };
		76CA78F42AFEC2F100B5E89B /* NetworkServiceMock.swift in Sources */ = {isa = PBXBuildFile; fileRef = 76CA78F32AFEC2F100B5E89B /* NetworkServiceMock.swift */; };
		76CA78F62AFEC43300B5E89B /* MealListResponse.swift in Sources */ = {isa = PBXBuildFile; fileRef = 766676E02AF9C39E00E00B17 /* MealListResponse.swift */; };
		76CA78F72AFEC62C00B5E89B /* HomeViewModel.swift in Sources */ = {isa = PBXBuildFile; fileRef = 76CA78D92AFEA67500B5E89B /* HomeViewModel.swift */; };
		76CA78F92AFEC69500B5E89B /* HomeViewModelDelegateMock.swift in Sources */ = {isa = PBXBuildFile; fileRef = 76CA78F82AFEC69500B5E89B /* HomeViewModelDelegateMock.swift */; };
		76CA78FC2AFEC8E400B5E89B /* DessertList.json in Resources */ = {isa = PBXBuildFile; fileRef = 76CA78FB2AFEC8E400B5E89B /* DessertList.json */; };
		76D86F3F2AFED02E00BA5BB4 /* Meal.swift in Sources */ = {isa = PBXBuildFile; fileRef = 766676DA2AF9B1BA00E00B17 /* Meal.swift */; };
		76D86F412AFED2BB00BA5BB4 /* DetailViewModel.swift in Sources */ = {isa = PBXBuildFile; fileRef = 76D86F402AFED2BB00BA5BB4 /* DetailViewModel.swift */; };
		76D86F432AFEE87200BA5BB4 /* DetailViewModelTests.swift in Sources */ = {isa = PBXBuildFile; fileRef = 76D86F422AFEE87200BA5BB4 /* DetailViewModelTests.swift */; };
		76D86F452AFEE8BD00BA5BB4 /* DetailViewModelDelegateMock.swift in Sources */ = {isa = PBXBuildFile; fileRef = 76D86F442AFEE8BD00BA5BB4 /* DetailViewModelDelegateMock.swift */; };
		76D86F472AFEE9AB00BA5BB4 /* MealDetails.json in Resources */ = {isa = PBXBuildFile; fileRef = 76D86F462AFEE9AA00BA5BB4 /* MealDetails.json */; };
		76D86F482AFEF30400BA5BB4 /* DetailViewModel.swift in Sources */ = {isa = PBXBuildFile; fileRef = 76D86F402AFED2BB00BA5BB4 /* DetailViewModel.swift */; };
/* End PBXBuildFile section */

/* Begin PBXContainerItemProxy section */
		76CA78EB2AFEC22800B5E89B /* PBXContainerItemProxy */ = {
			isa = PBXContainerItemProxy;
			containerPortal = 764497512AF98344005B825E /* Project object */;
			proxyType = 1;
			remoteGlobalIDString = 764497582AF98344005B825E;
			remoteInfo = DessertDelight;
		};
/* End PBXContainerItemProxy section */

/* Begin PBXFileReference section */
		764497592AF98344005B825E /* DessertDelight.app */ = {isa = PBXFileReference; explicitFileType = wrapper.application; includeInIndex = 0; path = DessertDelight.app; sourceTree = BUILT_PRODUCTS_DIR; };
		7644975C2AF98344005B825E /* AppDelegate.swift */ = {isa = PBXFileReference; lastKnownFileType = sourcecode.swift; path = AppDelegate.swift; sourceTree = "<group>"; };
		7644975E2AF98344005B825E /* SceneDelegate.swift */ = {isa = PBXFileReference; lastKnownFileType = sourcecode.swift; path = SceneDelegate.swift; sourceTree = "<group>"; };
		764497602AF98344005B825E /* HomeViewController.swift */ = {isa = PBXFileReference; lastKnownFileType = sourcecode.swift; path = HomeViewController.swift; sourceTree = "<group>"; };
		764497632AF98344005B825E /* Base */ = {isa = PBXFileReference; lastKnownFileType = file.storyboard; name = Base; path = Base.lproj/Main.storyboard; sourceTree = "<group>"; };
		764497652AF98347005B825E /* Assets.xcassets */ = {isa = PBXFileReference; lastKnownFileType = folder.assetcatalog; path = Assets.xcassets; sourceTree = "<group>"; };
		764497682AF98347005B825E /* Base */ = {isa = PBXFileReference; lastKnownFileType = file.storyboard; name = Base; path = Base.lproj/LaunchScreen.storyboard; sourceTree = "<group>"; };
		7644976A2AF98347005B825E /* Info.plist */ = {isa = PBXFileReference; lastKnownFileType = text.plist.xml; path = Info.plist; sourceTree = "<group>"; };
		766676DA2AF9B1BA00E00B17 /* Meal.swift */ = {isa = PBXFileReference; lastKnownFileType = sourcecode.swift; path = Meal.swift; sourceTree = "<group>"; };
		766676DC2AF9BECF00E00B17 /* NetworkService.swift */ = {isa = PBXFileReference; lastKnownFileType = sourcecode.swift; path = NetworkService.swift; sourceTree = "<group>"; };
		766676E02AF9C39E00E00B17 /* MealListResponse.swift */ = {isa = PBXFileReference; lastKnownFileType = sourcecode.swift; path = MealListResponse.swift; sourceTree = "<group>"; };
		766676E22AFAC7AF00E00B17 /* DetailViewController.swift */ = {isa = PBXFileReference; lastKnownFileType = sourcecode.swift; path = DetailViewController.swift; sourceTree = "<group>"; };
		766676E62AFAC91300E00B17 /* MealListTableViewCell.swift */ = {isa = PBXFileReference; lastKnownFileType = sourcecode.swift; path = MealListTableViewCell.swift; sourceTree = "<group>"; };
		766676E72AFAC91300E00B17 /* MealListTableViewCell.xib */ = {isa = PBXFileReference; lastKnownFileType = file.xib; path = MealListTableViewCell.xib; sourceTree = "<group>"; };
		76CA78C72AFD581F00B5E89B /* MealDetailHeaderTableViewCell.swift */ = {isa = PBXFileReference; lastKnownFileType = sourcecode.swift; path = MealDetailHeaderTableViewCell.swift; sourceTree = "<group>"; };
		76CA78C82AFD581F00B5E89B /* MealDetailHeaderTableViewCell.xib */ = {isa = PBXFileReference; lastKnownFileType = file.xib; path = MealDetailHeaderTableViewCell.xib; sourceTree = "<group>"; };
		76CA78CB2AFD5E6200B5E89B /* UITableView+.swift */ = {isa = PBXFileReference; lastKnownFileType = sourcecode.swift; path = "UITableView+.swift"; sourceTree = "<group>"; };
		76CA78CF2AFD66CB00B5E89B /* MealInstructionsTableViewCell.swift */ = {isa = PBXFileReference; lastKnownFileType = sourcecode.swift; path = MealInstructionsTableViewCell.swift; sourceTree = "<group>"; };
		76CA78D02AFD66CB00B5E89B /* MealInstructionsTableViewCell.xib */ = {isa = PBXFileReference; lastKnownFileType = file.xib; path = MealInstructionsTableViewCell.xib; sourceTree = "<group>"; };
		76CA78D32AFD779700B5E89B /* MeasurementsTableViewCell.swift */ = {isa = PBXFileReference; lastKnownFileType = sourcecode.swift; path = MeasurementsTableViewCell.swift; sourceTree = "<group>"; };
		76CA78D42AFD779700B5E89B /* MeasurementsTableViewCell.xib */ = {isa = PBXFileReference; lastKnownFileType = file.xib; path = MeasurementsTableViewCell.xib; sourceTree = "<group>"; };
		76CA78D92AFEA67500B5E89B /* HomeViewModel.swift */ = {isa = PBXFileReference; lastKnownFileType = sourcecode.swift; path = HomeViewModel.swift; sourceTree = "<group>"; };
		76CA78E72AFEC22800B5E89B /* DessertDelightTests.xctest */ = {isa = PBXFileReference; explicitFileType = wrapper.cfbundle; includeInIndex = 0; path = DessertDelightTests.xctest; sourceTree = BUILT_PRODUCTS_DIR; };
		76CA78F02AFEC24F00B5E89B /* HomeViewModelTests.swift */ = {isa = PBXFileReference; lastKnownFileType = sourcecode.swift; path = HomeViewModelTests.swift; sourceTree = "<group>"; };
		76CA78F32AFEC2F100B5E89B /* NetworkServiceMock.swift */ = {isa = PBXFileReference; lastKnownFileType = sourcecode.swift; path = NetworkServiceMock.swift; sourceTree = "<group>"; };
		76CA78F82AFEC69500B5E89B /* HomeViewModelDelegateMock.swift */ = {isa = PBXFileReference; lastKnownFileType = sourcecode.swift; path = HomeViewModelDelegateMock.swift; sourceTree = "<group>"; };
		76CA78FB2AFEC8E400B5E89B /* DessertList.json */ = {isa = PBXFileReference; fileEncoding = 4; lastKnownFileType = text.json; path = DessertList.json; sourceTree = "<group>"; };
		76D86F402AFED2BB00BA5BB4 /* DetailViewModel.swift */ = {isa = PBXFileReference; lastKnownFileType = sourcecode.swift; path = DetailViewModel.swift; sourceTree = "<group>"; };
		76D86F422AFEE87200BA5BB4 /* DetailViewModelTests.swift */ = {isa = PBXFileReference; lastKnownFileType = sourcecode.swift; path = DetailViewModelTests.swift; sourceTree = "<group>"; };
		76D86F442AFEE8BD00BA5BB4 /* DetailViewModelDelegateMock.swift */ = {isa = PBXFileReference; lastKnownFileType = sourcecode.swift; path = DetailViewModelDelegateMock.swift; sourceTree = "<group>"; };
		76D86F462AFEE9AA00BA5BB4 /* MealDetails.json */ = {isa = PBXFileReference; fileEncoding = 4; lastKnownFileType = text.json; path = MealDetails.json; sourceTree = "<group>"; };
/* End PBXFileReference section */

/* Begin PBXFrameworksBuildPhase section */
		764497562AF98344005B825E /* Frameworks */ = {
			isa = PBXFrameworksBuildPhase;
			buildActionMask = 2147483647;
			files = (
				766676EC2AFACF8500E00B17 /* Kingfisher in Frameworks */,
			);
			runOnlyForDeploymentPostprocessing = 0;
		};
		76CA78E42AFEC22800B5E89B /* Frameworks */ = {
			isa = PBXFrameworksBuildPhase;
			buildActionMask = 2147483647;
			files = (
			);
			runOnlyForDeploymentPostprocessing = 0;
		};
/* End PBXFrameworksBuildPhase section */

/* Begin PBXGroup section */
		764497502AF98344005B825E = {
			isa = PBXGroup;
			children = (
				7644975B2AF98344005B825E /* DessertDelight */,
				76CA78E82AFEC22800B5E89B /* DessertDelightTests */,
				7644975A2AF98344005B825E /* Products */,
			);
			sourceTree = "<group>";
		};
		7644975A2AF98344005B825E /* Products */ = {
			isa = PBXGroup;
			children = (
				764497592AF98344005B825E /* DessertDelight.app */,
				76CA78E72AFEC22800B5E89B /* DessertDelightTests.xctest */,
			);
			name = Products;
			sourceTree = "<group>";
		};
		7644975B2AF98344005B825E /* DessertDelight */ = {
			isa = PBXGroup;
			children = (
				76CA78DF2AFEC19300B5E89B /* Models */,
				76CA78E12AFEC1B100B5E89B /* Views */,
				76CA78E02AFEC19F00B5E89B /* View Models */,
				76CA78CE2AFD667A00B5E89B /* Cells */,
				76CA78E22AFEC1C600B5E89B /* Services */,
				76CA78CD2AFD664700B5E89B /* Extensions */,
				7644975C2AF98344005B825E /* AppDelegate.swift */,
				7644975E2AF98344005B825E /* SceneDelegate.swift */,
				764497652AF98347005B825E /* Assets.xcassets */,
				764497672AF98347005B825E /* LaunchScreen.storyboard */,
				7644976A2AF98347005B825E /* Info.plist */,
			);
			path = DessertDelight;
			sourceTree = "<group>";
		};
		76CA78CD2AFD664700B5E89B /* Extensions */ = {
			isa = PBXGroup;
			children = (
				76CA78CB2AFD5E6200B5E89B /* UITableView+.swift */,
			);
			path = Extensions;
			sourceTree = "<group>";
		};
		76CA78CE2AFD667A00B5E89B /* Cells */ = {
			isa = PBXGroup;
			children = (
				766676E62AFAC91300E00B17 /* MealListTableViewCell.swift */,
				766676E72AFAC91300E00B17 /* MealListTableViewCell.xib */,
				76CA78C72AFD581F00B5E89B /* MealDetailHeaderTableViewCell.swift */,
				76CA78C82AFD581F00B5E89B /* MealDetailHeaderTableViewCell.xib */,
				76CA78CF2AFD66CB00B5E89B /* MealInstructionsTableViewCell.swift */,
				76CA78D02AFD66CB00B5E89B /* MealInstructionsTableViewCell.xib */,
				76CA78D32AFD779700B5E89B /* MeasurementsTableViewCell.swift */,
				76CA78D42AFD779700B5E89B /* MeasurementsTableViewCell.xib */,
			);
			path = Cells;
			sourceTree = "<group>";
		};
		76CA78DF2AFEC19300B5E89B /* Models */ = {
			isa = PBXGroup;
			children = (
				766676DA2AF9B1BA00E00B17 /* Meal.swift */,
				766676E02AF9C39E00E00B17 /* MealListResponse.swift */,
			);
			path = Models;
			sourceTree = "<group>";
		};
		76CA78E02AFEC19F00B5E89B /* View Models */ = {
			isa = PBXGroup;
			children = (
				76CA78D92AFEA67500B5E89B /* HomeViewModel.swift */,
				76D86F402AFED2BB00BA5BB4 /* DetailViewModel.swift */,
			);
			path = "View Models";
			sourceTree = "<group>";
		};
		76CA78E12AFEC1B100B5E89B /* Views */ = {
			isa = PBXGroup;
			children = (
				764497602AF98344005B825E /* HomeViewController.swift */,
				766676E22AFAC7AF00E00B17 /* DetailViewController.swift */,
				764497622AF98344005B825E /* Main.storyboard */,
			);
			path = Views;
			sourceTree = "<group>";
		};
		76CA78E22AFEC1C600B5E89B /* Services */ = {
			isa = PBXGroup;
			children = (
				766676DC2AF9BECF00E00B17 /* NetworkService.swift */,
			);
			path = Services;
			sourceTree = "<group>";
		};
		76CA78E82AFEC22800B5E89B /* DessertDelightTests */ = {
			isa = PBXGroup;
			children = (
				76CA78FA2AFEC7A900B5E89B /* Data */,
				76CA78F52AFEC2FB00B5E89B /* Mock Protocols */,
				76CA78F02AFEC24F00B5E89B /* HomeViewModelTests.swift */,
				76D86F422AFEE87200BA5BB4 /* DetailViewModelTests.swift */,
			);
			path = DessertDelightTests;
			sourceTree = "<group>";
		};
		76CA78F52AFEC2FB00B5E89B /* Mock Protocols */ = {
			isa = PBXGroup;
			children = (
				76CA78F32AFEC2F100B5E89B /* NetworkServiceMock.swift */,
				76CA78F82AFEC69500B5E89B /* HomeViewModelDelegateMock.swift */,
				76D86F442AFEE8BD00BA5BB4 /* DetailViewModelDelegateMock.swift */,
			);
			path = "Mock Protocols";
			sourceTree = "<group>";
		};
		76CA78FA2AFEC7A900B5E89B /* Data */ = {
			isa = PBXGroup;
			children = (
				76CA78FB2AFEC8E400B5E89B /* DessertList.json */,
				76D86F462AFEE9AA00BA5BB4 /* MealDetails.json */,
			);
			path = Data;
			sourceTree = "<group>";
		};
/* End PBXGroup section */

/* Begin PBXNativeTarget section */
		764497582AF98344005B825E /* DessertDelight */ = {
			isa = PBXNativeTarget;
			buildConfigurationList = 7644976D2AF98347005B825E /* Build configuration list for PBXNativeTarget "DessertDelight" */;
			buildPhases = (
				764497552AF98344005B825E /* Sources */,
				764497562AF98344005B825E /* Frameworks */,
				764497572AF98344005B825E /* Resources */,
			);
			buildRules = (
			);
			dependencies = (
			);
			name = DessertDelight;
			packageProductDependencies = (
				766676EB2AFACF8500E00B17 /* Kingfisher */,
			);
			productName = DessertDelight;
			productReference = 764497592AF98344005B825E /* DessertDelight.app */;
			productType = "com.apple.product-type.application";
		};
		76CA78E62AFEC22800B5E89B /* DessertDelightTests */ = {
			isa = PBXNativeTarget;
			buildConfigurationList = 76CA78ED2AFEC22800B5E89B /* Build configuration list for PBXNativeTarget "DessertDelightTests" */;
			buildPhases = (
				76CA78E32AFEC22800B5E89B /* Sources */,
				76CA78E42AFEC22800B5E89B /* Frameworks */,
				76CA78E52AFEC22800B5E89B /* Resources */,
			);
			buildRules = (
			);
			dependencies = (
				76CA78EC2AFEC22800B5E89B /* PBXTargetDependency */,
			);
			name = DessertDelightTests;
			productName = DessertDelightTests;
			productReference = 76CA78E72AFEC22800B5E89B /* DessertDelightTests.xctest */;
			productType = "com.apple.product-type.bundle.unit-test";
		};
/* End PBXNativeTarget section */

/* Begin PBXProject section */
		764497512AF98344005B825E /* Project object */ = {
			isa = PBXProject;
			attributes = {
				BuildIndependentTargetsInParallel = 1;
				LastSwiftUpdateCheck = 1500;
				LastUpgradeCheck = 1500;
				TargetAttributes = {
					764497582AF98344005B825E = {
						CreatedOnToolsVersion = 15.0.1;
					};
					76CA78E62AFEC22800B5E89B = {
						CreatedOnToolsVersion = 15.0.1;
						TestTargetID = 764497582AF98344005B825E;
					};
				};
			};
			buildConfigurationList = 764497542AF98344005B825E /* Build configuration list for PBXProject "DessertDelight" */;
			compatibilityVersion = "Xcode 14.0";
			developmentRegion = en;
			hasScannedForEncodings = 0;
			knownRegions = (
				en,
				Base,
			);
			mainGroup = 764497502AF98344005B825E;
			packageReferences = (
				766676EA2AFACF8500E00B17 /* XCRemoteSwiftPackageReference "Kingfisher" */,
			);
			productRefGroup = 7644975A2AF98344005B825E /* Products */;
			projectDirPath = "";
			projectRoot = "";
			targets = (
				764497582AF98344005B825E /* DessertDelight */,
				76CA78E62AFEC22800B5E89B /* DessertDelightTests */,
			);
		};
/* End PBXProject section */

/* Begin PBXResourcesBuildPhase section */
		764497572AF98344005B825E /* Resources */ = {
			isa = PBXResourcesBuildPhase;
			buildActionMask = 2147483647;
			files = (
				76CA78D62AFD779700B5E89B /* MeasurementsTableViewCell.xib in Resources */,
				766676E92AFAC91300E00B17 /* MealListTableViewCell.xib in Resources */,
				764497692AF98347005B825E /* LaunchScreen.storyboard in Resources */,
				764497662AF98347005B825E /* Assets.xcassets in Resources */,
				76CA78CA2AFD581F00B5E89B /* MealDetailHeaderTableViewCell.xib in Resources */,
				764497642AF98344005B825E /* Main.storyboard in Resources */,
				76CA78D22AFD66CB00B5E89B /* MealInstructionsTableViewCell.xib in Resources */,
			);
			runOnlyForDeploymentPostprocessing = 0;
		};
		76CA78E52AFEC22800B5E89B /* Resources */ = {
			isa = PBXResourcesBuildPhase;
			buildActionMask = 2147483647;
			files = (
				76CA78FC2AFEC8E400B5E89B /* DessertList.json in Resources */,
				76D86F472AFEE9AB00BA5BB4 /* MealDetails.json in Resources */,
			);
			runOnlyForDeploymentPostprocessing = 0;
		};
/* End PBXResourcesBuildPhase section */

/* Begin PBXSourcesBuildPhase section */
		764497552AF98344005B825E /* Sources */ = {
			isa = PBXSourcesBuildPhase;
			buildActionMask = 2147483647;
			files = (
				76CA78D12AFD66CB00B5E89B /* MealInstructionsTableViewCell.swift in Sources */,
				766676DD2AF9BECF00E00B17 /* NetworkService.swift in Sources */,
				766676DB2AF9B1BA00E00B17 /* Meal.swift in Sources */,
				766676E12AF9C39E00E00B17 /* MealListResponse.swift in Sources */,
				76CA78CC2AFD5E6200B5E89B /* UITableView+.swift in Sources */,
				76CA78C92AFD581F00B5E89B /* MealDetailHeaderTableViewCell.swift in Sources */,
				764497612AF98344005B825E /* HomeViewController.swift in Sources */,
				7644975D2AF98344005B825E /* AppDelegate.swift in Sources */,
				76CA78DA2AFEA67500B5E89B /* HomeViewModel.swift in Sources */,
				76D86F412AFED2BB00BA5BB4 /* DetailViewModel.swift in Sources */,
				766676E82AFAC91300E00B17 /* MealListTableViewCell.swift in Sources */,
				7644975F2AF98344005B825E /* SceneDelegate.swift in Sources */,
				76CA78D52AFD779700B5E89B /* MeasurementsTableViewCell.swift in Sources */,
				766676E32AFAC7AF00E00B17 /* DetailViewController.swift in Sources */,
			);
			runOnlyForDeploymentPostprocessing = 0;
		};
		76CA78E32AFEC22800B5E89B /* Sources */ = {
			isa = PBXSourcesBuildPhase;
			buildActionMask = 2147483647;
			files = (
				76CA78F22AFEC2DA00B5E89B /* NetworkService.swift in Sources */,
				76CA78F12AFEC24F00B5E89B /* HomeViewModelTests.swift in Sources */,
				76D86F3F2AFED02E00BA5BB4 /* Meal.swift in Sources */,
				76D86F482AFEF30400BA5BB4 /* DetailViewModel.swift in Sources */,
				76CA78F42AFEC2F100B5E89B /* NetworkServiceMock.swift in Sources */,
				76CA78F72AFEC62C00B5E89B /* HomeViewModel.swift in Sources */,
				76CA78F92AFEC69500B5E89B /* HomeViewModelDelegateMock.swift in Sources */,
				76D86F452AFEE8BD00BA5BB4 /* DetailViewModelDelegateMock.swift in Sources */,
				76CA78F62AFEC43300B5E89B /* MealListResponse.swift in Sources */,
				76D86F432AFEE87200BA5BB4 /* DetailViewModelTests.swift in Sources */,
			);
			runOnlyForDeploymentPostprocessing = 0;
		};
/* End PBXSourcesBuildPhase section */

/* Begin PBXTargetDependency section */
		76CA78EC2AFEC22800B5E89B /* PBXTargetDependency */ = {
			isa = PBXTargetDependency;
			target = 764497582AF98344005B825E /* DessertDelight */;
			targetProxy = 76CA78EB2AFEC22800B5E89B /* PBXContainerItemProxy */;
		};
/* End PBXTargetDependency section */

/* Begin PBXVariantGroup section */
		764497622AF98344005B825E /* Main.storyboard */ = {
			isa = PBXVariantGroup;
			children = (
				764497632AF98344005B825E /* Base */,
			);
			name = Main.storyboard;
			sourceTree = "<group>";
		};
		764497672AF98347005B825E /* LaunchScreen.storyboard */ = {
			isa = PBXVariantGroup;
			children = (
				764497682AF98347005B825E /* Base */,
			);
			name = LaunchScreen.storyboard;
			sourceTree = "<group>";
		};
/* End PBXVariantGroup section */

/* Begin XCBuildConfiguration section */
		7644976B2AF98347005B825E /* Debug */ = {
			isa = XCBuildConfiguration;
			buildSettings = {
				ALWAYS_SEARCH_USER_PATHS = NO;
				ASSETCATALOG_COMPILER_GENERATE_SWIFT_ASSET_SYMBOL_EXTENSIONS = YES;
				CLANG_ANALYZER_NONNULL = YES;
				CLANG_ANALYZER_NUMBER_OBJECT_CONVERSION = YES_AGGRESSIVE;
				CLANG_CXX_LANGUAGE_STANDARD = "gnu++20";
				CLANG_ENABLE_MODULES = YES;
				CLANG_ENABLE_OBJC_ARC = YES;
				CLANG_ENABLE_OBJC_WEAK = YES;
				CLANG_WARN_BLOCK_CAPTURE_AUTORELEASING = YES;
				CLANG_WARN_BOOL_CONVERSION = YES;
				CLANG_WARN_COMMA = YES;
				CLANG_WARN_CONSTANT_CONVERSION = YES;
				CLANG_WARN_DEPRECATED_OBJC_IMPLEMENTATIONS = YES;
				CLANG_WARN_DIRECT_OBJC_ISA_USAGE = YES_ERROR;
				CLANG_WARN_DOCUMENTATION_COMMENTS = YES;
				CLANG_WARN_EMPTY_BODY = YES;
				CLANG_WARN_ENUM_CONVERSION = YES;
				CLANG_WARN_INFINITE_RECURSION = YES;
				CLANG_WARN_INT_CONVERSION = YES;
				CLANG_WARN_NON_LITERAL_NULL_CONVERSION = YES;
				CLANG_WARN_OBJC_IMPLICIT_RETAIN_SELF = YES;
				CLANG_WARN_OBJC_LITERAL_CONVERSION = YES;
				CLANG_WARN_OBJC_ROOT_CLASS = YES_ERROR;
				CLANG_WARN_QUOTED_INCLUDE_IN_FRAMEWORK_HEADER = YES;
				CLANG_WARN_RANGE_LOOP_ANALYSIS = YES;
				CLANG_WARN_STRICT_PROTOTYPES = YES;
				CLANG_WARN_SUSPICIOUS_MOVE = YES;
				CLANG_WARN_UNGUARDED_AVAILABILITY = YES_AGGRESSIVE;
				CLANG_WARN_UNREACHABLE_CODE = YES;
				CLANG_WARN__DUPLICATE_METHOD_MATCH = YES;
				COPY_PHASE_STRIP = NO;
				DEBUG_INFORMATION_FORMAT = dwarf;
				ENABLE_STRICT_OBJC_MSGSEND = YES;
				ENABLE_TESTABILITY = YES;
				ENABLE_USER_SCRIPT_SANDBOXING = YES;
				GCC_C_LANGUAGE_STANDARD = gnu17;
				GCC_DYNAMIC_NO_PIC = NO;
				GCC_NO_COMMON_BLOCKS = YES;
				GCC_OPTIMIZATION_LEVEL = 0;
				GCC_PREPROCESSOR_DEFINITIONS = (
					"DEBUG=1",
					"$(inherited)",
				);
				GCC_WARN_64_TO_32_BIT_CONVERSION = YES;
				GCC_WARN_ABOUT_RETURN_TYPE = YES_ERROR;
				GCC_WARN_UNDECLARED_SELECTOR = YES;
				GCC_WARN_UNINITIALIZED_AUTOS = YES_AGGRESSIVE;
				GCC_WARN_UNUSED_FUNCTION = YES;
				GCC_WARN_UNUSED_VARIABLE = YES;
				IPHONEOS_DEPLOYMENT_TARGET = 15.0;
				LOCALIZATION_PREFERS_STRING_CATALOGS = YES;
				MTL_ENABLE_DEBUG_INFO = INCLUDE_SOURCE;
				MTL_FAST_MATH = YES;
				ONLY_ACTIVE_ARCH = YES;
				SDKROOT = iphoneos;
				SWIFT_ACTIVE_COMPILATION_CONDITIONS = "DEBUG $(inherited)";
				SWIFT_OPTIMIZATION_LEVEL = "-Onone";
			};
			name = Debug;
		};
		7644976C2AF98347005B825E /* Release */ = {
			isa = XCBuildConfiguration;
			buildSettings = {
				ALWAYS_SEARCH_USER_PATHS = NO;
				ASSETCATALOG_COMPILER_GENERATE_SWIFT_ASSET_SYMBOL_EXTENSIONS = YES;
				CLANG_ANALYZER_NONNULL = YES;
				CLANG_ANALYZER_NUMBER_OBJECT_CONVERSION = YES_AGGRESSIVE;
				CLANG_CXX_LANGUAGE_STANDARD = "gnu++20";
				CLANG_ENABLE_MODULES = YES;
				CLANG_ENABLE_OBJC_ARC = YES;
				CLANG_ENABLE_OBJC_WEAK = YES;
				CLANG_WARN_BLOCK_CAPTURE_AUTORELEASING = YES;
				CLANG_WARN_BOOL_CONVERSION = YES;
				CLANG_WARN_COMMA = YES;
				CLANG_WARN_CONSTANT_CONVERSION = YES;
				CLANG_WARN_DEPRECATED_OBJC_IMPLEMENTATIONS = YES;
				CLANG_WARN_DIRECT_OBJC_ISA_USAGE = YES_ERROR;
				CLANG_WARN_DOCUMENTATION_COMMENTS = YES;
				CLANG_WARN_EMPTY_BODY = YES;
				CLANG_WARN_ENUM_CONVERSION = YES;
				CLANG_WARN_INFINITE_RECURSION = YES;
				CLANG_WARN_INT_CONVERSION = YES;
				CLANG_WARN_NON_LITERAL_NULL_CONVERSION = YES;
				CLANG_WARN_OBJC_IMPLICIT_RETAIN_SELF = YES;
				CLANG_WARN_OBJC_LITERAL_CONVERSION = YES;
				CLANG_WARN_OBJC_ROOT_CLASS = YES_ERROR;
				CLANG_WARN_QUOTED_INCLUDE_IN_FRAMEWORK_HEADER = YES;
				CLANG_WARN_RANGE_LOOP_ANALYSIS = YES;
				CLANG_WARN_STRICT_PROTOTYPES = YES;
				CLANG_WARN_SUSPICIOUS_MOVE = YES;
				CLANG_WARN_UNGUARDED_AVAILABILITY = YES_AGGRESSIVE;
				CLANG_WARN_UNREACHABLE_CODE = YES;
				CLANG_WARN__DUPLICATE_METHOD_MATCH = YES;
				COPY_PHASE_STRIP = NO;
				DEBUG_INFORMATION_FORMAT = "dwarf-with-dsym";
				ENABLE_NS_ASSERTIONS = NO;
				ENABLE_STRICT_OBJC_MSGSEND = YES;
				ENABLE_USER_SCRIPT_SANDBOXING = YES;
				GCC_C_LANGUAGE_STANDARD = gnu17;
				GCC_NO_COMMON_BLOCKS = YES;
				GCC_WARN_64_TO_32_BIT_CONVERSION = YES;
				GCC_WARN_ABOUT_RETURN_TYPE = YES_ERROR;
				GCC_WARN_UNDECLARED_SELECTOR = YES;
				GCC_WARN_UNINITIALIZED_AUTOS = YES_AGGRESSIVE;
				GCC_WARN_UNUSED_FUNCTION = YES;
				GCC_WARN_UNUSED_VARIABLE = YES;
				IPHONEOS_DEPLOYMENT_TARGET = 15.0;
				LOCALIZATION_PREFERS_STRING_CATALOGS = YES;
				MTL_ENABLE_DEBUG_INFO = NO;
				MTL_FAST_MATH = YES;
				SDKROOT = iphoneos;
				SWIFT_COMPILATION_MODE = wholemodule;
				VALIDATE_PRODUCT = YES;
			};
			name = Release;
		};
		7644976E2AF98347005B825E /* Debug */ = {
			isa = XCBuildConfiguration;
			buildSettings = {
				ASSETCATALOG_COMPILER_APPICON_NAME = AppIcon;
				ASSETCATALOG_COMPILER_GLOBAL_ACCENT_COLOR_NAME = AccentColor;
				CODE_SIGN_STYLE = Automatic;
				CURRENT_PROJECT_VERSION = 1;
				DEVELOPMENT_TEAM = 59XJFY72WQ;
				GENERATE_INFOPLIST_FILE = YES;
				INFOPLIST_FILE = DessertDelight/Info.plist;
				INFOPLIST_KEY_UIApplicationSupportsIndirectInputEvents = YES;
				INFOPLIST_KEY_UILaunchStoryboardName = LaunchScreen;
				INFOPLIST_KEY_UIMainStoryboardFile = Main;
				INFOPLIST_KEY_UISupportedInterfaceOrientations_iPad = "UIInterfaceOrientationPortrait UIInterfaceOrientationPortraitUpsideDown UIInterfaceOrientationLandscapeLeft UIInterfaceOrientationLandscapeRight";
				INFOPLIST_KEY_UISupportedInterfaceOrientations_iPhone = "UIInterfaceOrientationPortrait UIInterfaceOrientationLandscapeLeft UIInterfaceOrientationLandscapeRight";
				IPHONEOS_DEPLOYMENT_TARGET = 15.0;
				LD_RUNPATH_SEARCH_PATHS = (
					"$(inherited)",
					"@executable_path/Frameworks",
				);
				MARKETING_VERSION = 1.0;
				PRODUCT_BUNDLE_IDENTIFIER = com.deshpande.DessertDelight;
				PRODUCT_NAME = "$(TARGET_NAME)";
				SWIFT_EMIT_LOC_STRINGS = YES;
				SWIFT_VERSION = 5.0;
				TARGETED_DEVICE_FAMILY = "1,2";
			};
			name = Debug;
		};
		7644976F2AF98347005B825E /* Release */ = {
			isa = XCBuildConfiguration;
			buildSettings = {
				ASSETCATALOG_COMPILER_APPICON_NAME = AppIcon;
				ASSETCATALOG_COMPILER_GLOBAL_ACCENT_COLOR_NAME = AccentColor;
				CODE_SIGN_STYLE = Automatic;
				CURRENT_PROJECT_VERSION = 1;
				DEVELOPMENT_TEAM = 59XJFY72WQ;
				GENERATE_INFOPLIST_FILE = YES;
				INFOPLIST_FILE = DessertDelight/Info.plist;
				INFOPLIST_KEY_UIApplicationSupportsIndirectInputEvents = YES;
				INFOPLIST_KEY_UILaunchStoryboardName = LaunchScreen;
				INFOPLIST_KEY_UIMainStoryboardFile = Main;
				INFOPLIST_KEY_UISupportedInterfaceOrientations_iPad = "UIInterfaceOrientationPortrait UIInterfaceOrientationPortraitUpsideDown UIInterfaceOrientationLandscapeLeft UIInterfaceOrientationLandscapeRight";
				INFOPLIST_KEY_UISupportedInterfaceOrientations_iPhone = "UIInterfaceOrientationPortrait UIInterfaceOrientationLandscapeLeft UIInterfaceOrientationLandscapeRight";
				IPHONEOS_DEPLOYMENT_TARGET = 15.0;
				LD_RUNPATH_SEARCH_PATHS = (
					"$(inherited)",
					"@executable_path/Frameworks",
				);
				MARKETING_VERSION = 1.0;
				PRODUCT_BUNDLE_IDENTIFIER = com.deshpande.DessertDelight;
				PRODUCT_NAME = "$(TARGET_NAME)";
				SWIFT_EMIT_LOC_STRINGS = YES;
				SWIFT_VERSION = 5.0;
				TARGETED_DEVICE_FAMILY = "1,2";
			};
			name = Release;
		};
		76CA78EE2AFEC22800B5E89B /* Debug */ = {
			isa = XCBuildConfiguration;
			buildSettings = {
				BUNDLE_LOADER = "$(TEST_HOST)";
				CODE_SIGN_STYLE = Automatic;
				CURRENT_PROJECT_VERSION = 1;
				DEVELOPMENT_TEAM = 59XJFY72WQ;
				GENERATE_INFOPLIST_FILE = YES;
				MARKETING_VERSION = 1.0;
				PRODUCT_BUNDLE_IDENTIFIER = com.deshpande.DessertDelightTests;
				PRODUCT_NAME = "$(TARGET_NAME)";
				SWIFT_EMIT_LOC_STRINGS = NO;
				SWIFT_VERSION = 5.0;
				TARGETED_DEVICE_FAMILY = "1,2";
				TEST_HOST = "$(BUILT_PRODUCTS_DIR)/DessertDelight.app/$(BUNDLE_EXECUTABLE_FOLDER_PATH)/DessertDelight";
			};
			name = Debug;
		};
		76CA78EF2AFEC22800B5E89B /* Release */ = {
			isa = XCBuildConfiguration;
			buildSettings = {
				BUNDLE_LOADER = "$(TEST_HOST)";
				CODE_SIGN_STYLE = Automatic;
				CURRENT_PROJECT_VERSION = 1;
				DEVELOPMENT_TEAM = 59XJFY72WQ;
				GENERATE_INFOPLIST_FILE = YES;
				MARKETING_VERSION = 1.0;
				PRODUCT_BUNDLE_IDENTIFIER = com.deshpande.DessertDelightTests;
				PRODUCT_NAME = "$(TARGET_NAME)";
				SWIFT_EMIT_LOC_STRINGS = NO;
				SWIFT_VERSION = 5.0;
				TARGETED_DEVICE_FAMILY = "1,2";
				TEST_HOST = "$(BUILT_PRODUCTS_DIR)/DessertDelight.app/$(BUNDLE_EXECUTABLE_FOLDER_PATH)/DessertDelight";
			};
			name = Release;
		};
/* End XCBuildConfiguration section */

/* Begin XCConfigurationList section */
		764497542AF98344005B825E /* Build configuration list for PBXProject "DessertDelight" */ = {
			isa = XCConfigurationList;
			buildConfigurations = (
				7644976B2AF98347005B825E /* Debug */,
				7644976C2AF98347005B825E /* Release */,
			);
			defaultConfigurationIsVisible = 0;
			defaultConfigurationName = Release;
		};
		7644976D2AF98347005B825E /* Build configuration list for PBXNativeTarget "DessertDelight" */ = {
			isa = XCConfigurationList;
			buildConfigurations = (
				7644976E2AF98347005B825E /* Debug */,
				7644976F2AF98347005B825E /* Release */,
			);
			defaultConfigurationIsVisible = 0;
			defaultConfigurationName = Release;
		};
		76CA78ED2AFEC22800B5E89B /* Build configuration list for PBXNativeTarget "DessertDelightTests" */ = {
			isa = XCConfigurationList;
			buildConfigurations = (
				76CA78EE2AFEC22800B5E89B /* Debug */,
				76CA78EF2AFEC22800B5E89B /* Release */,
			);
			defaultConfigurationIsVisible = 0;
			defaultConfigurationName = Release;
		};
/* End XCConfigurationList section */

/* Begin XCRemoteSwiftPackageReference section */
		766676EA2AFACF8500E00B17 /* XCRemoteSwiftPackageReference "Kingfisher" */ = {
			isa = XCRemoteSwiftPackageReference;
			repositoryURL = "https://github.com/onevcat/Kingfisher";
			requirement = {
				kind = upToNextMajorVersion;
				minimumVersion = 7.10.0;
			};
		};
/* End XCRemoteSwiftPackageReference section */

/* Begin XCSwiftPackageProductDependency section */
		766676EB2AFACF8500E00B17 /* Kingfisher */ = {
			isa = XCSwiftPackageProductDependency;
			package = 766676EA2AFACF8500E00B17 /* XCRemoteSwiftPackageReference "Kingfisher" */;
			productName = Kingfisher;
		};
/* End XCSwiftPackageProductDependency section */
	};
	rootObject = 764497512AF98344005B825E /* Project object */;
}
